{
  "originHash" : "c62a90ccd22933ee3c974f449ca60aef9c7eb4fb7c88ff7b6d519a1d773bec9d",
  "pins" : [
    {
      "identity" : "provenance-engine",
      "kind" : "remoteSourceControl",
      "location" : "git@github.com:BrianBusby/provenance-engine.git",
      "state" : {
        "revision" : "126afde36671f53a137953200e7883e6b4093ac3"
      }
    }
  ],
  "version" : 3
}
