{
  "originHash" : "efc640cdbfc7a32309fbebb6fd4140a8fbcc8cddfedc7c475c9f879b0743d036",
  "pins" : [
    {
      "identity" : "provenance-engine",
      "kind" : "remoteSourceControl",
      "location" : "git@github.com:BrianBusby/provenance-engine.git",
      "state" : {
        "revision" : "126afde36671f53a137953200e7883e6b4093ac3"
      }
    }
  ],
  "version" : 3
}
